
Microsoft Visual Studio Solution File, Format Version 12.00
# Visual Studio 14
VisualStudioVersion = 14.0.25420.1
MinimumVisualStudioVersion = 10.0.40219.1
Project("{2150E333-8FDC-42A3-9474-1A3956D46DE8}") = "src", "src", "{0EA6E337-6F30-4B7D-93A1-3BF140776AF2}"
EndProject
Project("{2150E333-8FDC-42A3-9474-1A3956D46DE8}") = "Solution Items", "Solution Items", "{6B3C87BC-B228-4F5C-8BAB-3F6D6B3CC3FD}"
	ProjectSection(SolutionItems) = preProject
		global.json = global.json
	EndProjectSection
EndProject
Project("{8BB2217D-0F2D-49D1-97BC-3654ED321F3B}") = "InvoiceService", "src\InvoiceService\InvoiceService.xproj", "{F4B03D1B-2591-410F-BE13-6BAAC436B4D9}"
EndProject
Global
	GlobalSection(SolutionConfigurationPlatforms) = preSolution
		Debug|Any CPU = Debug|Any CPU
		Release|Any CPU = Release|Any CPU
	EndGlobalSection
	GlobalSection(ProjectConfigurationPlatforms) = postSolution
		{F4B03D1B-2591-410F-BE13-6BAAC436B4D9}.Debug|Any CPU.ActiveCfg = Debug|Any CPU
		{F4B03D1B-2591-410F-BE13-6BAAC436B4D9}.Debug|Any CPU.Build.0 = Debug|Any CPU
		{F4B03D1B-2591-410F-BE13-6BAAC436B4D9}.Release|Any CPU.ActiveCfg = Release|Any CPU
		{F4B03D1B-2591-410F-BE13-6BAAC436B4D9}.Release|Any CPU.Build.0 = Release|Any CPU
	EndGlobalSection
	GlobalSection(SolutionProperties) = preSolution
		HideSolutionNode = FALSE
	EndGlobalSection
	GlobalSection(NestedProjects) = preSolution
		{F4B03D1B-2591-410F-BE13-6BAAC436B4D9} = {0EA6E337-6F30-4B7D-93A1-3BF140776AF2}
	EndGlobalSection
EndGlobal
